
Microsoft Visual Studio Solution File, Format Version 12.00
# Visual Studio Version 17
VisualStudioVersion = 17.3.32922.545
MinimumVisualStudioVersion = 10.0.40219.1
Project("{FAE04EC0-301F-11D3-BF4B-00C04F79EFBC}") = "Misa.Amis.API", "Misa.Amis.API\Misa.Amis.API.csproj", "{5E7E19CA-04C7-49EB-84CE-49D76B5714E5}"
EndProject
Global
	GlobalSection(SolutionConfigurationPlatforms) = preSolution
		Debug|Any CPU = Debug|Any CPU
		Release|Any CPU = Release|Any CPU
	EndGlobalSection
	GlobalSection(ProjectConfigurationPlatforms) = postSolution
		{5E7E19CA-04C7-49EB-84CE-49D76B5714E5}.Debug|Any CPU.ActiveCfg = Debug|Any CPU
		{5E7E19CA-04C7-49EB-84CE-49D76B5714E5}.Debug|Any CPU.Build.0 = Debug|Any CPU
		{5E7E19CA-04C7-49EB-84CE-49D76B5714E5}.Release|Any CPU.ActiveCfg = Release|Any CPU
		{5E7E19CA-04C7-49EB-84CE-49D76B5714E5}.Release|Any CPU.Build.0 = Release|Any CPU
	EndGlobalSection
	GlobalSection(SolutionProperties) = preSolution
		HideSolutionNode = FALSE
	EndGlobalSection
	GlobalSection(ExtensibilityGlobals) = postSolution
		SolutionGuid = {D53F7CB6-60DD-4E34-8A40-DED9FAA91CAD}
	EndGlobalSection
EndGlobal
